
Microsoft Visual Studio Solution File, Format Version 12.00
# Visual Studio 14
VisualStudioVersion = 14.0.25420.1
MinimumVisualStudioVersion = 10.0.40219.1
Project("{FAE04EC0-301F-11D3-BF4B-00C04F79EFBC}") = "InvestorBrowser", "InvestorBrowser\InvestorBrowser.csproj", "{BFC3E203-F604-45EB-A102-ED36F0DD2B34}"
EndProject
Project("{FAE04EC0-301F-11D3-BF4B-00C04F79EFBC}") = "InvestorBrowser.Repo", "InvestorBrowser.Repo\InvestorBrowser.Repo.csproj", "{96CE9602-CBF4-4171-84D0-2F6581BD7D7A}"
EndProject
Global
	GlobalSection(SolutionConfigurationPlatforms) = preSolution
		Debug|Any CPU = Debug|Any CPU
		Release|Any CPU = Release|Any CPU
	EndGlobalSection
	GlobalSection(ProjectConfigurationPlatforms) = postSolution
		{BFC3E203-F604-45EB-A102-ED36F0DD2B34}.Debug|Any CPU.ActiveCfg = Debug|Any CPU
		{BFC3E203-F604-45EB-A102-ED36F0DD2B34}.Debug|Any CPU.Build.0 = Debug|Any CPU
		{BFC3E203-F604-45EB-A102-ED36F0DD2B34}.Release|Any CPU.ActiveCfg = Release|Any CPU
		{BFC3E203-F604-45EB-A102-ED36F0DD2B34}.Release|Any CPU.Build.0 = Release|Any CPU
		{96CE9602-CBF4-4171-84D0-2F6581BD7D7A}.Debug|Any CPU.ActiveCfg = Debug|Any CPU
		{96CE9602-CBF4-4171-84D0-2F6581BD7D7A}.Debug|Any CPU.Build.0 = Debug|Any CPU
		{96CE9602-CBF4-4171-84D0-2F6581BD7D7A}.Release|Any CPU.ActiveCfg = Release|Any CPU
		{96CE9602-CBF4-4171-84D0-2F6581BD7D7A}.Release|Any CPU.Build.0 = Release|Any CPU
	EndGlobalSection
	GlobalSection(SolutionProperties) = preSolution
		HideSolutionNode = FALSE
	EndGlobalSection
EndGlobal
